
Microsoft Visual Studio Solution File, Format Version 12.00
# Visual Studio Version 17
VisualStudioVersion = 17.9.34723.18
MinimumVisualStudioVersion = 10.0.40219.1
Project("{FAE04EC0-301F-11D3-BF4B-00C04F79EFBC}") = "Timirbaev_Form", "Timirbaev_Form\Timirbaev_Form.csproj", "{EBCC3DC1-C6CE-4D2C-B557-5D347E593EA4}"
	ProjectSection(ProjectDependencies) = postProject
		{AE9E1BE3-0E3F-403C-87C1-434AAFD37866} = {AE9E1BE3-0E3F-403C-87C1-434AAFD37866}
	EndProjectSection
EndProject
Project("{8BC9CEB8-8B4A-11D0-8D11-00A0C91BC942}") = "Timirbaev_Console", "Timirbaev_Console\Timirbaev_Console.vcxproj", "{AE9E1BE3-0E3F-403C-87C1-434AAFD37866}"
EndProject
Global
	GlobalSection(SolutionConfigurationPlatforms) = preSolution
		Debug|Any CPU = Debug|Any CPU
		Debug|x64 = Debug|x64
		Debug|x86 = Debug|x86
		Release|Any CPU = Release|Any CPU
		Release|x64 = Release|x64
		Release|x86 = Release|x86
	EndGlobalSection
	GlobalSection(ProjectConfigurationPlatforms) = postSolution
		{EBCC3DC1-C6CE-4D2C-B557-5D347E593EA4}.Debug|Any CPU.ActiveCfg = Debug|Any CPU
		{EBCC3DC1-C6CE-4D2C-B557-5D347E593EA4}.Debug|Any CPU.Build.0 = Debug|Any CPU
		{EBCC3DC1-C6CE-4D2C-B557-5D347E593EA4}.Debug|x64.ActiveCfg = Debug|Any CPU
		{EBCC3DC1-C6CE-4D2C-B557-5D347E593EA4}.Debug|x64.Build.0 = Debug|Any CPU
		{EBCC3DC1-C6CE-4D2C-B557-5D347E593EA4}.Debug|x86.ActiveCfg = Debug|Any CPU
		{EBCC3DC1-C6CE-4D2C-B557-5D347E593EA4}.Debug|x86.Build.0 = Debug|Any CPU
		{EBCC3DC1-C6CE-4D2C-B557-5D347E593EA4}.Release|Any CPU.ActiveCfg = Release|Any CPU
		{EBCC3DC1-C6CE-4D2C-B557-5D347E593EA4}.Release|Any CPU.Build.0 = Release|Any CPU
		{EBCC3DC1-C6CE-4D2C-B557-5D347E593EA4}.Release|x64.ActiveCfg = Release|Any CPU
		{EBCC3DC1-C6CE-4D2C-B557-5D347E593EA4}.Release|x64.Build.0 = Release|Any CPU
		{EBCC3DC1-C6CE-4D2C-B557-5D347E593EA4}.Release|x86.ActiveCfg = Release|Any CPU
		{EBCC3DC1-C6CE-4D2C-B557-5D347E593EA4}.Release|x86.Build.0 = Release|Any CPU
		{AE9E1BE3-0E3F-403C-87C1-434AAFD37866}.Debug|Any CPU.ActiveCfg = Debug|x64
		{AE9E1BE3-0E3F-403C-87C1-434AAFD37866}.Debug|Any CPU.Build.0 = Debug|x64
		{AE9E1BE3-0E3F-403C-87C1-434AAFD37866}.Debug|x64.ActiveCfg = Debug|x64
		{AE9E1BE3-0E3F-403C-87C1-434AAFD37866}.Debug|x64.Build.0 = Debug|x64
		{AE9E1BE3-0E3F-403C-87C1-434AAFD37866}.Debug|x86.ActiveCfg = Debug|Win32
		{AE9E1BE3-0E3F-403C-87C1-434AAFD37866}.Debug|x86.Build.0 = Debug|Win32
		{AE9E1BE3-0E3F-403C-87C1-434AAFD37866}.Release|Any CPU.ActiveCfg = Release|x64
		{AE9E1BE3-0E3F-403C-87C1-434AAFD37866}.Release|Any CPU.Build.0 = Release|x64
		{AE9E1BE3-0E3F-403C-87C1-434AAFD37866}.Release|x64.ActiveCfg = Release|x64
		{AE9E1BE3-0E3F-403C-87C1-434AAFD37866}.Release|x64.Build.0 = Release|x64
		{AE9E1BE3-0E3F-403C-87C1-434AAFD37866}.Release|x86.ActiveCfg = Release|Win32
		{AE9E1BE3-0E3F-403C-87C1-434AAFD37866}.Release|x86.Build.0 = Release|Win32
	EndGlobalSection
	GlobalSection(SolutionProperties) = preSolution
		HideSolutionNode = FALSE
	EndGlobalSection
	GlobalSection(ExtensibilityGlobals) = postSolution
		SolutionGuid = {75965192-A605-4271-BCA5-487A03F9F48D}
	EndGlobalSection
EndGlobal
